<?xml version="1.0" encoding="utf-8"?>
<Project ToolsVersion="4.0" xmlns="http://schemas.microsoft.com/developer/msbuild/2003">
  <ItemGroup>
    <Filter Include="Исходные файлы">
      <UniqueIdentifier>{4FC737F1-C7A5-4376-A066-2A32D752A2FF}</UniqueIdentifier>
      <Extensions>cpp;c;cc;cxx;def;odl;idl;hpj;bat;asm;asmx</Extensions>
    </Filter>
    <Filter Include="Файлы заголовков">
      <UniqueIdentifier>{93995380-89BD-4b04-88EB-625FBE52EBFB}</UniqueIdentifier>
      <Extensions>h;hh;hpp;hxx;hm;inl;inc;ipp;xsd</Extensions>
    </Filter>
    <Filter Include="Файлы ресурсов">
      <UniqueIdentifier>{67DA6AB6-F800-4c08-8B7A-83BB121AAD01}</UniqueIdentifier>
      <Extensions>rc;ico;cur;bmp;dlg;rc2;rct;bin;rgs;gif;jpg;jpeg;jpe;resx;tiff;tif;png;wav;mfcribbon-ms</Extensions>
    </Filter>
    <Filter Include="Исходные файлы\Interface">
      <UniqueIdentifier>{a90c679f-3f0f-4b45-93a0-29db2cc71371}</UniqueIdentifier>
    </Filter>
    <Filter Include="Исходные файлы\string clases">
      <UniqueIdentifier>{9e33fd75-cc52-4c91-9099-2f5bce6aacf1}</UniqueIdentifier>
    </Filter>
  </ItemGroup>
  <ItemGroup>
    <ClCompile Include="main.cpp">
      <Filter>Исходные файлы</Filter>
    </ClCompile>
    <ClCompile Include="button.cpp">
      <Filter>Исходные файлы</Filter>
    </ClCompile>
    <ClCompile Include="control.cpp">
      <Filter>Исходные файлы</Filter>
    </ClCompile>
    <ClCompile Include="input.cpp">
      <Filter>Исходные файлы</Filter>
    </ClCompile>
    <ClCompile Include="label.cpp">
      <Filter>Исходные файлы</Filter>
    </ClCompile>
    <ClCompile Include="textField.cpp">
      <Filter>Исходные файлы</Filter>
    </ClCompile>
    <ClCompile Include="itemList.cpp">
      <Filter>Исходные файлы</Filter>
    </ClCompile>
    <ClCompile Include="Interface.cpp">
      <Filter>Исходные файлы\Interface</Filter>
    </ClCompile>
    <ClCompile Include="Interface_OnEvent.cpp">
      <Filter>Исходные файлы\Interface</Filter>
    </ClCompile>
    <ClCompile Include="Interface_OnEvent_Function.cpp">
      <Filter>Исходные файлы\Interface</Filter>
    </ClCompile>
    <ClCompile Include="Interface_OnExecute.cpp">
      <Filter>Исходные файлы\Interface</Filter>
    </ClCompile>
    <ClCompile Include="string_classes\BIN_String.cpp">
      <Filter>Исходные файлы\string clases</Filter>
    </ClCompile>
    <ClCompile Include="string_classes\Dec_String.cpp">
      <Filter>Исходные файлы\string clases</Filter>
    </ClCompile>
    <ClCompile Include="dropDownList.cpp">
      <Filter>Исходные файлы</Filter>
    </ClCompile>
    <ClCompile Include="string_classes\ID_String.cpp">
      <Filter>Исходные файлы\string clases</Filter>
    </ClCompile>
    <ClCompile Include="string_classes\String.cpp">
      <Filter>Исходные файлы\string clases</Filter>
    </ClCompile>
  </ItemGroup>
  <ItemGroup>
    <ClInclude Include="button.h">
      <Filter>Файлы заголовков</Filter>
    </ClInclude>
    <ClInclude Include="color.h">
      <Filter>Файлы заголовков</Filter>
    </ClInclude>
    <ClInclude Include="control.h">
      <Filter>Файлы заголовков</Filter>
    </ClInclude>
    <ClInclude Include="input.h">
      <Filter>Файлы заголовков</Filter>
    </ClInclude>
    <ClInclude Include="label.h">
      <Filter>Файлы заголовков</Filter>
    </ClInclude>
    <ClInclude Include="textField.h">
      <Filter>Файлы заголовков</Filter>
    </ClInclude>
    <ClInclude Include="itemList.h">
      <Filter>Файлы заголовков</Filter>
    </ClInclude>
    <ClInclude Include="dropDownList.h">
      <Filter>Файлы заголовков</Filter>
    </ClInclude>
    <ClInclude Include="Interface.h">
      <Filter>Исходные файлы\Interface</Filter>
    </ClInclude>
    <ClInclude Include="string_classes\BIN_String.h">
      <Filter>Исходные файлы\string clases</Filter>
    </ClInclude>
    <ClInclude Include="string_classes\Dec_String.h">
      <Filter>Исходные файлы\string clases</Filter>
    </ClInclude>
    <ClInclude Include="string_classes\ID_String.h">
      <Filter>Исходные файлы\string clases</Filter>
    </ClInclude>
    <ClInclude Include="string_classes\String.h">
      <Filter>Исходные файлы\string clases</Filter>
    </ClInclude>
  </ItemGroup>
</Project>